
Microsoft Visual Studio Solution File, Format Version 12.00
Project("{FAE04EC0-301F-11D3-BF4B-00C04F79EFBC}") = "SpaCRM", "SpaCRM\SpaCRM.csproj", "{86593940-F5E6-4777-82F6-614B1278417A}"
EndProject
Global
	GlobalSection(SolutionConfigurationPlatforms) = preSolution
		Debug|Any CPU = Debug|Any CPU
		Release|Any CPU = Release|Any CPU
	EndGlobalSection
	GlobalSection(ProjectConfigurationPlatforms) = postSolution
		{86593940-F5E6-4777-82F6-614B1278417A}.Debug|Any CPU.ActiveCfg = Debug|Any CPU
		{86593940-F5E6-4777-82F6-614B1278417A}.Debug|Any CPU.Build.0 = Debug|Any CPU
		{86593940-F5E6-4777-82F6-614B1278417A}.Release|Any CPU.ActiveCfg = Release|Any CPU
		{86593940-F5E6-4777-82F6-614B1278417A}.Release|Any CPU.Build.0 = Release|Any CPU
	EndGlobalSection
EndGlobal
